
Microsoft Visual Studio Solution File, Format Version 12.00
# Visual Studio Version 17
VisualStudioVersion = 17.2.32630.192
MinimumVisualStudioVersion = 10.0.40219.1
Project("{FAE04EC0-301F-11D3-BF4B-00C04F79EFBC}") = "Gof", "Gof.csproj", "{78C7F809-93B5-4964-9507-93B6B4FFC6AF}"
EndProject
Global
	GlobalSection(SolutionConfigurationPlatforms) = preSolution
		Debug|Any CPU = Debug|Any CPU
		Release|Any CPU = Release|Any CPU
	EndGlobalSection
	GlobalSection(ProjectConfigurationPlatforms) = postSolution
		{78C7F809-93B5-4964-9507-93B6B4FFC6AF}.Debug|Any CPU.ActiveCfg = Debug|Any CPU
		{78C7F809-93B5-4964-9507-93B6B4FFC6AF}.Debug|Any CPU.Build.0 = Debug|Any CPU
		{78C7F809-93B5-4964-9507-93B6B4FFC6AF}.Release|Any CPU.ActiveCfg = Release|Any CPU
		{78C7F809-93B5-4964-9507-93B6B4FFC6AF}.Release|Any CPU.Build.0 = Release|Any CPU
	EndGlobalSection
	GlobalSection(SolutionProperties) = preSolution
		HideSolutionNode = FALSE
	EndGlobalSection
	GlobalSection(ExtensibilityGlobals) = postSolution
		SolutionGuid = {D89285FA-05D4-4EB2-8FB6-CE6EB4EB56DA}
	EndGlobalSection
EndGlobal
